
Microsoft Visual Studio Solution File, Format Version 12.00
# Visual Studio Version 17
VisualStudioVersion = 17.11.35208.52
MinimumVisualStudioVersion = 10.0.40219.1
Project("{FAE04EC0-301F-11D3-BF4B-00C04F79EFBC}") = "Calculator", "Calculator\Calculator.csproj", "{AB109428-DDD7-4E57-B205-5380C374B4C8}"
EndProject
Global
	GlobalSection(SolutionConfigurationPlatforms) = preSolution
		Debug|Any CPU = Debug|Any CPU
		Release|Any CPU = Release|Any CPU
	EndGlobalSection
	GlobalSection(ProjectConfigurationPlatforms) = postSolution
		{AB109428-DDD7-4E57-B205-5380C374B4C8}.Debug|Any CPU.ActiveCfg = Debug|Any CPU
		{AB109428-DDD7-4E57-B205-5380C374B4C8}.Debug|Any CPU.Build.0 = Debug|Any CPU
		{AB109428-DDD7-4E57-B205-5380C374B4C8}.Release|Any CPU.ActiveCfg = Release|Any CPU
		{AB109428-DDD7-4E57-B205-5380C374B4C8}.Release|Any CPU.Build.0 = Release|Any CPU
	EndGlobalSection
	GlobalSection(SolutionProperties) = preSolution
		HideSolutionNode = FALSE
	EndGlobalSection
	GlobalSection(ExtensibilityGlobals) = postSolution
		SolutionGuid = {47C0A4F2-397B-4740-B1A9-7E33C34371DB}
	EndGlobalSection
EndGlobal
